
Microsoft Visual Studio Solution File, Format Version 12.00
# Visual Studio 15
VisualStudioVersion = 15.0.28010.2050
MinimumVisualStudioVersion = 10.0.40219.1
Project("{FAE04EC0-301F-11D3-BF4B-00C04F79EFBC}") = "Craeckersoft.TypeConversion", "src\Craeckersoft.TypeConversion\Craeckersoft.TypeConversion.csproj", "{237C94FD-8A91-4E65-857E-4888D8F06850}"
EndProject
Global
	GlobalSection(SolutionConfigurationPlatforms) = preSolution
		Debug|Any CPU = Debug|Any CPU
		Release|Any CPU = Release|Any CPU
	EndGlobalSection
	GlobalSection(ProjectConfigurationPlatforms) = postSolution
		{237C94FD-8A91-4E65-857E-4888D8F06850}.Debug|Any CPU.ActiveCfg = Debug|Any CPU
		{237C94FD-8A91-4E65-857E-4888D8F06850}.Debug|Any CPU.Build.0 = Debug|Any CPU
		{237C94FD-8A91-4E65-857E-4888D8F06850}.Release|Any CPU.ActiveCfg = Release|Any CPU
		{237C94FD-8A91-4E65-857E-4888D8F06850}.Release|Any CPU.Build.0 = Release|Any CPU
	EndGlobalSection
	GlobalSection(SolutionProperties) = preSolution
		HideSolutionNode = FALSE
	EndGlobalSection
	GlobalSection(ExtensibilityGlobals) = postSolution
		SolutionGuid = {4AA3898A-628F-40A8-9E6C-F7414079CABC}
	EndGlobalSection
EndGlobal
